
Microsoft Visual Studio Solution File, Format Version 12.00
Project("{FAE04EC0-301F-11D3-BF4B-00C04F79EFBC}") = "AmigaLive.Domain", "AmigaLive.Domain\AmigaLive.Domain.csproj", "{DE5EAD46-F8B1-4C68-820B-FDC67744A343}"
EndProject
Project("{FAE04EC0-301F-11D3-BF4B-00C04F79EFBC}") = "AmigaLive.Domain.Test", "AmigaLive.Domain.Test\AmigaLive.Domain.Test.csproj", "{0106F153-F15D-4E1F-87F1-1354C76246F3}"
EndProject
Global
	GlobalSection(SolutionConfigurationPlatforms) = preSolution
		Debug|Any CPU = Debug|Any CPU
		Release|Any CPU = Release|Any CPU
	EndGlobalSection
	GlobalSection(ProjectConfigurationPlatforms) = postSolution
		{DE5EAD46-F8B1-4C68-820B-FDC67744A343}.Debug|Any CPU.ActiveCfg = Debug|Any CPU
		{DE5EAD46-F8B1-4C68-820B-FDC67744A343}.Debug|Any CPU.Build.0 = Debug|Any CPU
		{DE5EAD46-F8B1-4C68-820B-FDC67744A343}.Release|Any CPU.ActiveCfg = Release|Any CPU
		{DE5EAD46-F8B1-4C68-820B-FDC67744A343}.Release|Any CPU.Build.0 = Release|Any CPU
		{0106F153-F15D-4E1F-87F1-1354C76246F3}.Debug|Any CPU.ActiveCfg = Debug|Any CPU
		{0106F153-F15D-4E1F-87F1-1354C76246F3}.Debug|Any CPU.Build.0 = Debug|Any CPU
		{0106F153-F15D-4E1F-87F1-1354C76246F3}.Release|Any CPU.ActiveCfg = Release|Any CPU
		{0106F153-F15D-4E1F-87F1-1354C76246F3}.Release|Any CPU.Build.0 = Release|Any CPU
	EndGlobalSection
EndGlobal
